// !$*UTF8*$!
{
	archiveVersion = 1;
	classes = {
	};
	objectVersion = 46;
	objects = {

/* Begin PBXBuildFile section */
		2BD7B0131C2A1AD200987F62 /* AppDelegate.swift in Sources */ = {isa = PBXBuildFile; fileRef = 2BD7B0121C2A1AD200987F62 /* AppDelegate.swift */; };
		2BD7B0181C2A1AD200987F62 /* Main.storyboard in Resources */ = {isa = PBXBuildFile; fileRef = 2BD7B0161C2A1AD200987F62 /* Main.storyboard */; };
		2BD7B01A1C2A1AD200987F62 /* Assets.xcassets in Resources */ = {isa = PBXBuildFile; fileRef = 2BD7B0191C2A1AD200987F62 /* Assets.xcassets */; };
		2BD7B01D1C2A1AD200987F62 /* LaunchScreen.storyboard in Resources */ = {isa = PBXBuildFile; fileRef = 2BD7B01B1C2A1AD200987F62 /* LaunchScreen.storyboard */; };
		2BD7B0281C2A1AD200987F62 /* PLTLTests.swift in Sources */ = {isa = PBXBuildFile; fileRef = 2BD7B0271C2A1AD200987F62 /* PLTLTests.swift */; };
		2BD7B0331C2A1AD200987F62 /* PLTLUITests.swift in Sources */ = {isa = PBXBuildFile; fileRef = 2BD7B0321C2A1AD200987F62 /* PLTLUITests.swift */; };
		2BD7B0411C2A1BED00987F62 /* TextInputViewController.swift in Sources */ = {isa = PBXBuildFile; fileRef = 2BD7B0401C2A1BED00987F62 /* TextInputViewController.swift */; };
		2BD7B0431C2A1C9800987F62 /* PigLatinTranslator.swift in Sources */ = {isa = PBXBuildFile; fileRef = 2BD7B0421C2A1C9800987F62 /* PigLatinTranslator.swift */; };
/* End PBXBuildFile section */

/* Begin PBXContainerItemProxy section */
		2BD7B0241C2A1AD200987F62 /* PBXContainerItemProxy */ = {
			isa = PBXContainerItemProxy;
			containerPortal = 2BD7B0071C2A1AD200987F62 /* Project object */;
			proxyType = 1;
			remoteGlobalIDString = 2BD7B00E1C2A1AD200987F62;
			remoteInfo = PLTL;
		};
		2BD7B02F1C2A1AD200987F62 /* PBXContainerItemProxy */ = {
			isa = PBXContainerItemProxy;
			containerPortal = 2BD7B0071C2A1AD200987F62 /* Project object */;
			proxyType = 1;
			remoteGlobalIDString = 2BD7B00E1C2A1AD200987F62;
			remoteInfo = PLTL;
		};
/* End PBXContainerItemProxy section */

/* Begin PBXFileReference section */
		2BD7B00F1C2A1AD200987F62 /* PLTL.app */ = {isa = PBXFileReference; explicitFileType = wrapper.application; includeInIndex = 0; path = PLTL.app; sourceTree = BUILT_PRODUCTS_DIR; };
		2BD7B0121C2A1AD200987F62 /* AppDelegate.swift */ = {isa = PBXFileReference; lastKnownFileType = sourcecode.swift; path = AppDelegate.swift; sourceTree = "<group>"; };
		2BD7B0171C2A1AD200987F62 /* Base */ = {isa = PBXFileReference; lastKnownFileType = file.storyboard; name = Base; path = Base.lproj/Main.storyboard; sourceTree = "<group>"; };
		2BD7B0191C2A1AD200987F62 /* Assets.xcassets */ = {isa = PBXFileReference; lastKnownFileType = folder.assetcatalog; path = Assets.xcassets; sourceTree = "<group>"; };
		2BD7B01C1C2A1AD200987F62 /* Base */ = {isa = PBXFileReference; lastKnownFileType = file.storyboard; name = Base; path = Base.lproj/LaunchScreen.storyboard; sourceTree = "<group>"; };
		2BD7B01E1C2A1AD200987F62 /* Info.plist */ = {isa = PBXFileReference; lastKnownFileType = text.plist.xml; path = Info.plist; sourceTree = "<group>"; };
		2BD7B0231C2A1AD200987F62 /* PLTLTests.xctest */ = {isa = PBXFileReference; explicitFileType = wrapper.cfbundle; includeInIndex = 0; path = PLTLTests.xctest; sourceTree = BUILT_PRODUCTS_DIR; };
		2BD7B0271C2A1AD200987F62 /* PLTLTests.swift */ = {isa = PBXFileReference; lastKnownFileType = sourcecode.swift; path = PLTLTests.swift; sourceTree = "<group>"; };
		2BD7B0291C2A1AD200987F62 /* Info.plist */ = {isa = PBXFileReference; lastKnownFileType = text.plist.xml; path = Info.plist; sourceTree = "<group>"; };
		2BD7B02E1C2A1AD200987F62 /* PLTLUITests.xctest */ = {isa = PBXFileReference; explicitFileType = wrapper.cfbundle; includeInIndex = 0; path = PLTLUITests.xctest; sourceTree = BUILT_PRODUCTS_DIR; };
		2BD7B0321C2A1AD200987F62 /* PLTLUITests.swift */ = {isa = PBXFileReference; lastKnownFileType = sourcecode.swift; path = PLTLUITests.swift; sourceTree = "<group>"; };
		2BD7B0341C2A1AD200987F62 /* Info.plist */ = {isa = PBXFileReference; lastKnownFileType = text.plist.xml; path = Info.plist; sourceTree = "<group>"; };
		2BD7B0401C2A1BED00987F62 /* TextInputViewController.swift */ = {isa = PBXFileReference; fileEncoding = 4; lastKnownFileType = sourcecode.swift; path = TextInputViewController.swift; sourceTree = "<group>"; };
		2BD7B0421C2A1C9800987F62 /* PigLatinTranslator.swift */ = {isa = PBXFileReference; fileEncoding = 4; lastKnownFileType = sourcecode.swift; path = PigLatinTranslator.swift; sourceTree = "<group>"; };
/* End PBXFileReference section */

/* Begin PBXFrameworksBuildPhase section */
		2BD7B00C1C2A1AD200987F62 /* Frameworks */ = {
			isa = PBXFrameworksBuildPhase;
			buildActionMask = 2147483647;
			files = (
			);
			runOnlyForDeploymentPostprocessing = 0;
		};
		2BD7B0201C2A1AD200987F62 /* Frameworks */ = {
			isa = PBXFrameworksBuildPhase;
			buildActionMask = 2147483647;
			files = (
			);
			runOnlyForDeploymentPostprocessing = 0;
		};
		2BD7B02B1C2A1AD200987F62 /* Frameworks */ = {
			isa = PBXFrameworksBuildPhase;
			buildActionMask = 2147483647;
			files = (
			);
			runOnlyForDeploymentPostprocessing = 0;
		};
/* End PBXFrameworksBuildPhase section */

/* Begin PBXGroup section */
		2BD7B0061C2A1AD200987F62 = {
			isa = PBXGroup;
			children = (
				2BD7B0111C2A1AD200987F62 /* PLTL */,
				2BD7B0261C2A1AD200987F62 /* PLTLTests */,
				2BD7B0311C2A1AD200987F62 /* PLTLUITests */,
				2BD7B0101C2A1AD200987F62 /* Products */,
			);
			sourceTree = "<group>";
		};
		2BD7B0101C2A1AD200987F62 /* Products */ = {
			isa = PBXGroup;
			children = (
				2BD7B00F1C2A1AD200987F62 /* PLTL.app */,
				2BD7B0231C2A1AD200987F62 /* PLTLTests.xctest */,
				2BD7B02E1C2A1AD200987F62 /* PLTLUITests.xctest */,
			);
			name = Products;
			sourceTree = "<group>";
		};
		2BD7B0111C2A1AD200987F62 /* PLTL */ = {
			isa = PBXGroup;
			children = (
				2BD7B0121C2A1AD200987F62 /* AppDelegate.swift */,
				2BD7B0161C2A1AD200987F62 /* Main.storyboard */,
				2BD7B0191C2A1AD200987F62 /* Assets.xcassets */,
				2BD7B01B1C2A1AD200987F62 /* LaunchScreen.storyboard */,
				2BD7B01E1C2A1AD200987F62 /* Info.plist */,
				2BD7B0401C2A1BED00987F62 /* TextInputViewController.swift */,
				2BD7B0421C2A1C9800987F62 /* PigLatinTranslator.swift */,
			);
			path = PLTL;
			sourceTree = "<group>";
		};
		2BD7B0261C2A1AD200987F62 /* PLTLTests */ = {
			isa = PBXGroup;
			children = (
				2BD7B0271C2A1AD200987F62 /* PLTLTests.swift */,
				2BD7B0291C2A1AD200987F62 /* Info.plist */,
			);
			path = PLTLTests;
			sourceTree = "<group>";
		};
		2BD7B0311C2A1AD200987F62 /* PLTLUITests */ = {
			isa = PBXGroup;
			children = (
				2BD7B0321C2A1AD200987F62 /* PLTLUITests.swift */,
				2BD7B0341C2A1AD200987F62 /* Info.plist */,
			);
			path = PLTLUITests;
			sourceTree = "<group>";
		};
/* End PBXGroup section */

/* Begin PBXNativeTarget section */
		2BD7B00E1C2A1AD200987F62 /* PLTL */ = {
			isa = PBXNativeTarget;
			buildConfigurationList = 2BD7B0371C2A1AD200987F62 /* Build configuration list for PBXNativeTarget "PLTL" */;
			buildPhases = (
				2BD7B00B1C2A1AD200987F62 /* Sources */,
				2BD7B00C1C2A1AD200987F62 /* Frameworks */,
				2BD7B00D1C2A1AD200987F62 /* Resources */,
			);
			buildRules = (
			);
			dependencies = (
			);
			name = PLTL;
			productName = PLTL;
			productReference = 2BD7B00F1C2A1AD200987F62 /* PLTL.app */;
			productType = "com.apple.product-type.application";
		};
		2BD7B0221C2A1AD200987F62 /* PLTLTests */ = {
			isa = PBXNativeTarget;
			buildConfigurationList = 2BD7B03A1C2A1AD200987F62 /* Build configuration list for PBXNativeTarget "PLTLTests" */;
			buildPhases = (
				2BD7B01F1C2A1AD200987F62 /* Sources */,
				2BD7B0201C2A1AD200987F62 /* Frameworks */,
				2BD7B0211C2A1AD200987F62 /* Resources */,
			);
			buildRules = (
			);
			dependencies = (
				2BD7B0251C2A1AD200987F62 /* PBXTargetDependency */,
			);
			name = PLTLTests;
			productName = PLTLTests;
			productReference = 2BD7B0231C2A1AD200987F62 /* PLTLTests.xctest */;
			productType = "com.apple.product-type.bundle.unit-test";
		};
		2BD7B02D1C2A1AD200987F62 /* PLTLUITests */ = {
			isa = PBXNativeTarget;
			buildConfigurationList = 2BD7B03D1C2A1AD200987F62 /* Build configuration list for PBXNativeTarget "PLTLUITests" */;
			buildPhases = (
				2BD7B02A1C2A1AD200987F62 /* Sources */,
				2BD7B02B1C2A1AD200987F62 /* Frameworks */,
				2BD7B02C1C2A1AD200987F62 /* Resources */,
			);
			buildRules = (
			);
			dependencies = (
				2BD7B0301C2A1AD200987F62 /* PBXTargetDependency */,
			);
			name = PLTLUITests;
			productName = PLTLUITests;
			productReference = 2BD7B02E1C2A1AD200987F62 /* PLTLUITests.xctest */;
			productType = "com.apple.product-type.bundle.ui-testing";
		};
/* End PBXNativeTarget section */

/* Begin PBXProject section */
		2BD7B0071C2A1AD200987F62 /* Project object */ = {
			isa = PBXProject;
			attributes = {
				LastSwiftUpdateCheck = 0720;
				LastUpgradeCheck = 0720;
				ORGANIZATIONNAME = "Hohun Yoo";
				TargetAttributes = {
					2BD7B00E1C2A1AD200987F62 = {
						CreatedOnToolsVersion = 7.2;
					};
					2BD7B0221C2A1AD200987F62 = {
						CreatedOnToolsVersion = 7.2;
						TestTargetID = 2BD7B00E1C2A1AD200987F62;
					};
					2BD7B02D1C2A1AD200987F62 = {
						CreatedOnToolsVersion = 7.2;
						TestTargetID = 2BD7B00E1C2A1AD200987F62;
					};
				};
			};
			buildConfigurationList = 2BD7B00A1C2A1AD200987F62 /* Build configuration list for PBXProject "PLTL" */;
			compatibilityVersion = "Xcode 3.2";
			developmentRegion = English;
			hasScannedForEncodings = 0;
			knownRegions = (
				en,
				Base,
			);
			mainGroup = 2BD7B0061C2A1AD200987F62;
			productRefGroup = 2BD7B0101C2A1AD200987F62 /* Products */;
			projectDirPath = "";
			projectRoot = "";
			targets = (
				2BD7B00E1C2A1AD200987F62 /* PLTL */,
				2BD7B0221C2A1AD200987F62 /* PLTLTests */,
				2BD7B02D1C2A1AD200987F62 /* PLTLUITests */,
			);
		};
/* End PBXProject section */

/* Begin PBXResourcesBuildPhase section */
		2BD7B00D1C2A1AD200987F62 /* Resources */ = {
			isa = PBXResourcesBuildPhase;
			buildActionMask = 2147483647;
			files = (
				2BD7B01D1C2A1AD200987F62 /* LaunchScreen.storyboard in Resources */,
				2BD7B01A1C2A1AD200987F62 /* Assets.xcassets in Resources */,
				2BD7B0181C2A1AD200987F62 /* Main.storyboard in Resources */,
			);
			runOnlyForDeploymentPostprocessing = 0;
		};
		2BD7B0211C2A1AD200987F62 /* Resources */ = {
			isa = PBXResourcesBuildPhase;
			buildActionMask = 2147483647;
			files = (
			);
			runOnlyForDeploymentPostprocessing = 0;
		};
		2BD7B02C1C2A1AD200987F62 /* Resources */ = {
			isa = PBXResourcesBuildPhase;
			buildActionMask = 2147483647;
			files = (
			);
			runOnlyForDeploymentPostprocessing = 0;
		};
/* End PBXResourcesBuildPhase section */

/* Begin PBXSourcesBuildPhase section */
		2BD7B00B1C2A1AD200987F62 /* Sources */ = {
			isa = PBXSourcesBuildPhase;
			buildActionMask = 2147483647;
			files = (
				2BD7B0431C2A1C9800987F62 /* PigLatinTranslator.swift in Sources */,
				2BD7B0411C2A1BED00987F62 /* TextInputViewController.swift in Sources */,
				2BD7B0131C2A1AD200987F62 /* AppDelegate.swift in Sources */,
			);
			runOnlyForDeploymentPostprocessing = 0;
		};
		2BD7B01F1C2A1AD200987F62 /* Sources */ = {
			isa = PBXSourcesBuildPhase;
			buildActionMask = 2147483647;
			files = (
				2BD7B0281C2A1AD200987F62 /* PLTLTests.swift in Sources */,
			);
			runOnlyForDeploymentPostprocessing = 0;
		};
		2BD7B02A1C2A1AD200987F62 /* Sources */ = {
			isa = PBXSourcesBuildPhase;
			buildActionMask = 2147483647;
			files = (
				2BD7B0331C2A1AD200987F62 /* PLTLUITests.swift in Sources */,
			);
			runOnlyForDeploymentPostprocessing = 0;
		};
/* End PBXSourcesBuildPhase section */

/* Begin PBXTargetDependency section */
		2BD7B0251C2A1AD200987F62 /* PBXTargetDependency */ = {
			isa = PBXTargetDependency;
			target = 2BD7B00E1C2A1AD200987F62 /* PLTL */;
			targetProxy = 2BD7B0241C2A1AD200987F62 /* PBXContainerItemProxy */;
		};
		2BD7B0301C2A1AD200987F62 /* PBXTargetDependency */ = {
			isa = PBXTargetDependency;
			target = 2BD7B00E1C2A1AD200987F62 /* PLTL */;
			targetProxy = 2BD7B02F1C2A1AD200987F62 /* PBXContainerItemProxy */;
		};
/* End PBXTargetDependency section */

/* Begin PBXVariantGroup section */
		2BD7B0161C2A1AD200987F62 /* Main.storyboard */ = {
			isa = PBXVariantGroup;
			children = (
				2BD7B0171C2A1AD200987F62 /* Base */,
			);
			name = Main.storyboard;
			sourceTree = "<group>";
		};
		2BD7B01B1C2A1AD200987F62 /* LaunchScreen.storyboard */ = {
			isa = PBXVariantGroup;
			children = (
				2BD7B01C1C2A1AD200987F62 /* Base */,
			);
			name = LaunchScreen.storyboard;
			sourceTree = "<group>";
		};
/* End PBXVariantGroup section */

/* Begin XCBuildConfiguration section */
		2BD7B0351C2A1AD200987F62 /* Debug */ = {
			isa = XCBuildConfiguration;
			buildSettings = {
				ALWAYS_SEARCH_USER_PATHS = NO;
				CLANG_CXX_LANGUAGE_STANDARD = "gnu++0x";
				CLANG_CXX_LIBRARY = "libc++";
				CLANG_ENABLE_MODULES = YES;
				CLANG_ENABLE_OBJC_ARC = YES;
				CLANG_WARN_BOOL_CONVERSION = YES;
				CLANG_WARN_CONSTANT_CONVERSION = YES;
				CLANG_WARN_DIRECT_OBJC_ISA_USAGE = YES_ERROR;
				CLANG_WARN_EMPTY_BODY = YES;
				CLANG_WARN_ENUM_CONVERSION = YES;
				CLANG_WARN_INT_CONVERSION = YES;
				CLANG_WARN_OBJC_ROOT_CLASS = YES_ERROR;
				CLANG_WARN_UNREACHABLE_CODE = YES;
				CLANG_WARN__DUPLICATE_METHOD_MATCH = YES;
				"CODE_SIGN_IDENTITY[sdk=iphoneos*]" = "iPhone Developer";
				COPY_PHASE_STRIP = NO;
				DEBUG_INFORMATION_FORMAT = dwarf;
				ENABLE_STRICT_OBJC_MSGSEND = YES;
				ENABLE_TESTABILITY = YES;
				GCC_C_LANGUAGE_STANDARD = gnu99;
				GCC_DYNAMIC_NO_PIC = NO;
				GCC_NO_COMMON_BLOCKS = YES;
				GCC_OPTIMIZATION_LEVEL = 0;
				GCC_PREPROCESSOR_DEFINITIONS = (
					"DEBUG=1",
					"$(inherited)",
				);
				GCC_WARN_64_TO_32_BIT_CONVERSION = YES;
				GCC_WARN_ABOUT_RETURN_TYPE = YES_ERROR;
				GCC_WARN_UNDECLARED_SELECTOR = YES;
				GCC_WARN_UNINITIALIZED_AUTOS = YES_AGGRESSIVE;
				GCC_WARN_UNUSED_FUNCTION = YES;
				GCC_WARN_UNUSED_VARIABLE = YES;
				IPHONEOS_DEPLOYMENT_TARGET = 9.2;
				MTL_ENABLE_DEBUG_INFO = YES;
				ONLY_ACTIVE_ARCH = YES;
				SDKROOT = iphoneos;
				SWIFT_OPTIMIZATION_LEVEL = "-Onone";
			};
			name = Debug;
		};
		2BD7B0361C2A1AD200987F62 /* Release */ = {
			isa = XCBuildConfiguration;
			buildSettings = {
				ALWAYS_SEARCH_USER_PATHS = NO;
				CLANG_CXX_LANGUAGE_STANDARD = "gnu++0x";
				CLANG_CXX_LIBRARY = "libc++";
				CLANG_ENABLE_MODULES = YES;
				CLANG_ENABLE_OBJC_ARC = YES;
				CLANG_WARN_BOOL_CONVERSION = YES;
				CLANG_WARN_CONSTANT_CONVERSION = YES;
				CLANG_WARN_DIRECT_OBJC_ISA_USAGE = YES_ERROR;
				CLANG_WARN_EMPTY_BODY = YES;
				CLANG_WARN_ENUM_CONVERSION = YES;
				CLANG_WARN_INT_CONVERSION = YES;
				CLANG_WARN_OBJC_ROOT_CLASS = YES_ERROR;
				CLANG_WARN_UNREACHABLE_CODE = YES;
				CLANG_WARN__DUPLICATE_METHOD_MATCH = YES;
				"CODE_SIGN_IDENTITY[sdk=iphoneos*]" = "iPhone Developer";
				COPY_PHASE_STRIP = NO;
				DEBUG_INFORMATION_FORMAT = "dwarf-with-dsym";
				ENABLE_NS_ASSERTIONS = NO;
				ENABLE_STRICT_OBJC_MSGSEND = YES;
				GCC_C_LANGUAGE_STANDARD = gnu99;
				GCC_NO_COMMON_BLOCKS = YES;
				GCC_WARN_64_TO_32_BIT_CONVERSION = YES;
				GCC_WARN_ABOUT_RETURN_TYPE = YES_ERROR;
				GCC_WARN_UNDECLARED_SELECTOR = YES;
				GCC_WARN_UNINITIALIZED_AUTOS = YES_AGGRESSIVE;
				GCC_WARN_UNUSED_FUNCTION = YES;
				GCC_WARN_UNUSED_VARIABLE = YES;
				IPHONEOS_DEPLOYMENT_TARGET = 9.2;
				MTL_ENABLE_DEBUG_INFO = NO;
				SDKROOT = iphoneos;
				VALIDATE_PRODUCT = YES;
			};
			name = Release;
		};
		2BD7B0381C2A1AD200987F62 /* Debug */ = {
			isa = XCBuildConfiguration;
			buildSettings = {
				ASSETCATALOG_COMPILER_APPICON_NAME = AppIcon;
				INFOPLIST_FILE = PLTL/Info.plist;
				IPHONEOS_DEPLOYMENT_TARGET = 8.4;
				LD_RUNPATH_SEARCH_PATHS = "$(inherited) @executable_path/Frameworks";
				PRODUCT_BUNDLE_IDENTIFIER = ehyoo.PLTL;
				PRODUCT_NAME = "$(TARGET_NAME)";
			};
			name = Debug;
		};
		2BD7B0391C2A1AD200987F62 /* Release */ = {
			isa = XCBuildConfiguration;
			buildSettings = {
				ASSETCATALOG_COMPILER_APPICON_NAME = AppIcon;
				INFOPLIST_FILE = PLTL/Info.plist;
				IPHONEOS_DEPLOYMENT_TARGET = 8.4;
				LD_RUNPATH_SEARCH_PATHS = "$(inherited) @executable_path/Frameworks";
				PRODUCT_BUNDLE_IDENTIFIER = ehyoo.PLTL;
				PRODUCT_NAME = "$(TARGET_NAME)";
			};
			name = Release;
		};
		2BD7B03B1C2A1AD200987F62 /* Debug */ = {
			isa = XCBuildConfiguration;
			buildSettings = {
				BUNDLE_LOADER = "$(TEST_HOST)";
				INFOPLIST_FILE = PLTLTests/Info.plist;
				LD_RUNPATH_SEARCH_PATHS = "$(inherited) @executable_path/Frameworks @loader_path/Frameworks";
				PRODUCT_BUNDLE_IDENTIFIER = ehyoo.PLTLTests;
				PRODUCT_NAME = "$(TARGET_NAME)";
				TEST_HOST = "$(BUILT_PRODUCTS_DIR)/PLTL.app/PLTL";
			};
			name = Debug;
		};
		2BD7B03C1C2A1AD200987F62 /* Release */ = {
			isa = XCBuildConfiguration;
			buildSettings = {
				BUNDLE_LOADER = "$(TEST_HOST)";
				INFOPLIST_FILE = PLTLTests/Info.plist;
				LD_RUNPATH_SEARCH_PATHS = "$(inherited) @executable_path/Frameworks @loader_path/Frameworks";
				PRODUCT_BUNDLE_IDENTIFIER = ehyoo.PLTLTests;
				PRODUCT_NAME = "$(TARGET_NAME)";
				TEST_HOST = "$(BUILT_PRODUCTS_DIR)/PLTL.app/PLTL";
			};
			name = Release;
		};
		2BD7B03E1C2A1AD200987F62 /* Debug */ = {
			isa = XCBuildConfiguration;
			buildSettings = {
				INFOPLIST_FILE = PLTLUITests/Info.plist;
				LD_RUNPATH_SEARCH_PATHS = "$(inherited) @executable_path/Frameworks @loader_path/Frameworks";
				PRODUCT_BUNDLE_IDENTIFIER = ehyoo.PLTLUITests;
				PRODUCT_NAME = "$(TARGET_NAME)";
				TEST_TARGET_NAME = PLTL;
				USES_XCTRUNNER = YES;
			};
			name = Debug;
		};
		2BD7B03F1C2A1AD200987F62 /* Release */ = {
			isa = XCBuildConfiguration;
			buildSettings = {
				INFOPLIST_FILE = PLTLUITests/Info.plist;
				LD_RUNPATH_SEARCH_PATHS = "$(inherited) @executable_path/Frameworks @loader_path/Frameworks";
				PRODUCT_BUNDLE_IDENTIFIER = ehyoo.PLTLUITests;
				PRODUCT_NAME = "$(TARGET_NAME)";
				TEST_TARGET_NAME = PLTL;
				USES_XCTRUNNER = YES;
			};
			name = Release;
		};
/* End XCBuildConfiguration section */

/* Begin XCConfigurationList section */
		2BD7B00A1C2A1AD200987F62 /* Build configuration list for PBXProject "PLTL" */ = {
			isa = XCConfigurationList;
			buildConfigurations = (
				2BD7B0351C2A1AD200987F62 /* Debug */,
				2BD7B0361C2A1AD200987F62 /* Release */,
			);
			defaultConfigurationIsVisible = 0;
			defaultConfigurationName = Release;
		};
		2BD7B0371C2A1AD200987F62 /* Build configuration list for PBXNativeTarget "PLTL" */ = {
			isa = XCConfigurationList;
			buildConfigurations = (
				2BD7B0381C2A1AD200987F62 /* Debug */,
				2BD7B0391C2A1AD200987F62 /* Release */,
			);
			defaultConfigurationIsVisible = 0;
			defaultConfigurationName = Release;
		};
		2BD7B03A1C2A1AD200987F62 /* Build configuration list for PBXNativeTarget "PLTLTests" */ = {
			isa = XCConfigurationList;
			buildConfigurations = (
				2BD7B03B1C2A1AD200987F62 /* Debug */,
				2BD7B03C1C2A1AD200987F62 /* Release */,
			);
			defaultConfigurationIsVisible = 0;
			defaultConfigurationName = Release;
		};
		2BD7B03D1C2A1AD200987F62 /* Build configuration list for PBXNativeTarget "PLTLUITests" */ = {
			isa = XCConfigurationList;
			buildConfigurations = (
				2BD7B03E1C2A1AD200987F62 /* Debug */,
				2BD7B03F1C2A1AD200987F62 /* Release */,
			);
			defaultConfigurationIsVisible = 0;
			defaultConfigurationName = Release;
		};
/* End XCConfigurationList section */
	};
	rootObject = 2BD7B0071C2A1AD200987F62 /* Project object */;
}
